
Microsoft Visual Studio Solution File, Format Version 12.00
# Visual Studio Version 16
VisualStudioVersion = 16.0.31112.23
MinimumVisualStudioVersion = 10.0.40219.1
Project("{FAE04EC0-301F-11D3-BF4B-00C04F79EFBC}") = "epi-essentials-mobile-control", "epi-essentials-mobile-control.csproj", "{6F0E1C17-5660-4A37-A755-2B5D54AFEB78}"
EndProject
Global
	GlobalSection(SolutionConfigurationPlatforms) = preSolution
		Debug|Any CPU = Debug|Any CPU
		Release|Any CPU = Release|Any CPU
	EndGlobalSection
	GlobalSection(ProjectConfigurationPlatforms) = postSolution
		{6F0E1C17-5660-4A37-A755-2B5D54AFEB78}.Debug|Any CPU.ActiveCfg = Debug|Any CPU
		{6F0E1C17-5660-4A37-A755-2B5D54AFEB78}.Debug|Any CPU.Build.0 = Debug|Any CPU
		{6F0E1C17-5660-4A37-A755-2B5D54AFEB78}.Release|Any CPU.ActiveCfg = Release|Any CPU
		{6F0E1C17-5660-4A37-A755-2B5D54AFEB78}.Release|Any CPU.Build.0 = Release|Any CPU
	EndGlobalSection
	GlobalSection(SolutionProperties) = preSolution
		HideSolutionNode = FALSE
	EndGlobalSection
	GlobalSection(ExtensibilityGlobals) = postSolution
		SolutionGuid = {D47B8EE7-614D-4DFE-8B39-F7A2E8389F34}
	EndGlobalSection
EndGlobal
